
Microsoft Visual Studio Solution File, Format Version 12.00
# Visual Studio Version 17
VisualStudioVersion = 17.0.31903.59
MinimumVisualStudioVersion = 10.0.40219.1
Project("{2150E333-8FDC-42A3-9474-1A3956D46DE8}") = "src", "src", "{827E0CD3-B72D-47B6-A68D-7590B98EB39B}"
EndProject
Project("{FAE04EC0-301F-11D3-BF4B-00C04F79EFBC}") = "NCcsds.Core", "src\NCcsds.Core\NCcsds.Core.csproj", "{E7FAB972-614D-47D4-89D6-FDF0EA4F3BD2}"
EndProject
Project("{FAE04EC0-301F-11D3-BF4B-00C04F79EFBC}") = "NCcsds.Sle", "src\NCcsds.Sle\NCcsds.Sle.csproj", "{5EF19403-EA50-43D0-9352-936A632B4B56}"
EndProject
Project("{FAE04EC0-301F-11D3-BF4B-00C04F79EFBC}") = "NCcsds.TmTc", "src\NCcsds.TmTc\NCcsds.TmTc.csproj", "{910E903D-8BC7-4FD7-A1CE-787A607D11E0}"
EndProject
Project("{FAE04EC0-301F-11D3-BF4B-00C04F79EFBC}") = "NCcsds.Encoding", "src\NCcsds.Encoding\NCcsds.Encoding.csproj", "{87DC0764-2754-47BC-BCFB-0B20E84C87C2}"
EndProject
Project("{FAE04EC0-301F-11D3-BF4B-00C04F79EFBC}") = "NCcsds.Cfdp", "src\NCcsds.Cfdp\NCcsds.Cfdp.csproj", "{93D57F3C-0A11-4567-AA67-6E4F005302B4}"
EndProject
Project("{FAE04EC0-301F-11D3-BF4B-00C04F79EFBC}") = "NCcsds.Viewer", "src\NCcsds.Viewer\NCcsds.Viewer.csproj", "{3ADD40B5-EF45-4E22-A666-FCEE1C956696}"
EndProject
Project("{2150E333-8FDC-42A3-9474-1A3956D46DE8}") = "tests", "tests", "{0AB3BF05-4346-4AA6-1389-037BE0695223}"
EndProject
Project("{FAE04EC0-301F-11D3-BF4B-00C04F79EFBC}") = "NCcsds.Core.Tests", "tests\NCcsds.Core.Tests\NCcsds.Core.Tests.csproj", "{DC65E868-7992-4F0B-8980-516B07EBDB5E}"
EndProject
Project("{FAE04EC0-301F-11D3-BF4B-00C04F79EFBC}") = "NCcsds.Sle.Tests", "tests\NCcsds.Sle.Tests\NCcsds.Sle.Tests.csproj", "{6E37D679-C42C-4774-ADFC-935E48FE09FE}"
EndProject
Project("{FAE04EC0-301F-11D3-BF4B-00C04F79EFBC}") = "NCcsds.TmTc.Tests", "tests\NCcsds.TmTc.Tests\NCcsds.TmTc.Tests.csproj", "{DCDE4910-6F96-4604-9C3D-24BF8804637E}"
EndProject
Project("{FAE04EC0-301F-11D3-BF4B-00C04F79EFBC}") = "NCcsds.Encoding.Tests", "tests\NCcsds.Encoding.Tests\NCcsds.Encoding.Tests.csproj", "{A4969C46-3BC8-4080-9927-85A4C481FB73}"
EndProject
Project("{FAE04EC0-301F-11D3-BF4B-00C04F79EFBC}") = "NCcsds.Cfdp.Tests", "tests\NCcsds.Cfdp.Tests\NCcsds.Cfdp.Tests.csproj", "{89E532CF-8EAD-4CED-A255-8F94CF566415}"
EndProject
Project("{FAE04EC0-301F-11D3-BF4B-00C04F79EFBC}") = "NCcsds.Viewer.Tests", "tests\NCcsds.Viewer.Tests\NCcsds.Viewer.Tests.csproj", "{AB97D71F-0237-4069-BC6F-4C3919128258}"
EndProject
Global
	GlobalSection(SolutionConfigurationPlatforms) = preSolution
		Debug|Any CPU = Debug|Any CPU
		Debug|x64 = Debug|x64
		Debug|x86 = Debug|x86
		Release|Any CPU = Release|Any CPU
		Release|x64 = Release|x64
		Release|x86 = Release|x86
	EndGlobalSection
	GlobalSection(ProjectConfigurationPlatforms) = postSolution
		{E7FAB972-614D-47D4-89D6-FDF0EA4F3BD2}.Debug|Any CPU.ActiveCfg = Debug|Any CPU
		{E7FAB972-614D-47D4-89D6-FDF0EA4F3BD2}.Debug|Any CPU.Build.0 = Debug|Any CPU
		{E7FAB972-614D-47D4-89D6-FDF0EA4F3BD2}.Debug|x64.ActiveCfg = Debug|Any CPU
		{E7FAB972-614D-47D4-89D6-FDF0EA4F3BD2}.Debug|x64.Build.0 = Debug|Any CPU
		{E7FAB972-614D-47D4-89D6-FDF0EA4F3BD2}.Debug|x86.ActiveCfg = Debug|Any CPU
		{E7FAB972-614D-47D4-89D6-FDF0EA4F3BD2}.Debug|x86.Build.0 = Debug|Any CPU
		{E7FAB972-614D-47D4-89D6-FDF0EA4F3BD2}.Release|Any CPU.ActiveCfg = Release|Any CPU
		{E7FAB972-614D-47D4-89D6-FDF0EA4F3BD2}.Release|Any CPU.Build.0 = Release|Any CPU
		{E7FAB972-614D-47D4-89D6-FDF0EA4F3BD2}.Release|x64.ActiveCfg = Release|Any CPU
		{E7FAB972-614D-47D4-89D6-FDF0EA4F3BD2}.Release|x64.Build.0 = Release|Any CPU
		{E7FAB972-614D-47D4-89D6-FDF0EA4F3BD2}.Release|x86.ActiveCfg = Release|Any CPU
		{E7FAB972-614D-47D4-89D6-FDF0EA4F3BD2}.Release|x86.Build.0 = Release|Any CPU
		{5EF19403-EA50-43D0-9352-936A632B4B56}.Debug|Any CPU.ActiveCfg = Debug|Any CPU
		{5EF19403-EA50-43D0-9352-936A632B4B56}.Debug|Any CPU.Build.0 = Debug|Any CPU
		{5EF19403-EA50-43D0-9352-936A632B4B56}.Debug|x64.ActiveCfg = Debug|Any CPU
		{5EF19403-EA50-43D0-9352-936A632B4B56}.Debug|x64.Build.0 = Debug|Any CPU
		{5EF19403-EA50-43D0-9352-936A632B4B56}.Debug|x86.ActiveCfg = Debug|Any CPU
		{5EF19403-EA50-43D0-9352-936A632B4B56}.Debug|x86.Build.0 = Debug|Any CPU
		{5EF19403-EA50-43D0-9352-936A632B4B56}.Release|Any CPU.ActiveCfg = Release|Any CPU
		{5EF19403-EA50-43D0-9352-936A632B4B56}.Release|Any CPU.Build.0 = Release|Any CPU
		{5EF19403-EA50-43D0-9352-936A632B4B56}.Release|x64.ActiveCfg = Release|Any CPU
		{5EF19403-EA50-43D0-9352-936A632B4B56}.Release|x64.Build.0 = Release|Any CPU
		{5EF19403-EA50-43D0-9352-936A632B4B56}.Release|x86.ActiveCfg = Release|Any CPU
		{5EF19403-EA50-43D0-9352-936A632B4B56}.Release|x86.Build.0 = Release|Any CPU
		{910E903D-8BC7-4FD7-A1CE-787A607D11E0}.Debug|Any CPU.ActiveCfg = Debug|Any CPU
		{910E903D-8BC7-4FD7-A1CE-787A607D11E0}.Debug|Any CPU.Build.0 = Debug|Any CPU
		{910E903D-8BC7-4FD7-A1CE-787A607D11E0}.Debug|x64.ActiveCfg = Debug|Any CPU
		{910E903D-8BC7-4FD7-A1CE-787A607D11E0}.Debug|x64.Build.0 = Debug|Any CPU
		{910E903D-8BC7-4FD7-A1CE-787A607D11E0}.Debug|x86.ActiveCfg = Debug|Any CPU
		{910E903D-8BC7-4FD7-A1CE-787A607D11E0}.Debug|x86.Build.0 = Debug|Any CPU
		{910E903D-8BC7-4FD7-A1CE-787A607D11E0}.Release|Any CPU.ActiveCfg = Release|Any CPU
		{910E903D-8BC7-4FD7-A1CE-787A607D11E0}.Release|Any CPU.Build.0 = Release|Any CPU
		{910E903D-8BC7-4FD7-A1CE-787A607D11E0}.Release|x64.ActiveCfg = Release|Any CPU
		{910E903D-8BC7-4FD7-A1CE-787A607D11E0}.Release|x64.Build.0 = Release|Any CPU
		{910E903D-8BC7-4FD7-A1CE-787A607D11E0}.Release|x86.ActiveCfg = Release|Any CPU
		{910E903D-8BC7-4FD7-A1CE-787A607D11E0}.Release|x86.Build.0 = Release|Any CPU
		{87DC0764-2754-47BC-BCFB-0B20E84C87C2}.Debug|Any CPU.ActiveCfg = Debug|Any CPU
		{87DC0764-2754-47BC-BCFB-0B20E84C87C2}.Debug|Any CPU.Build.0 = Debug|Any CPU
		{87DC0764-2754-47BC-BCFB-0B20E84C87C2}.Debug|x64.ActiveCfg = Debug|Any CPU
		{87DC0764-2754-47BC-BCFB-0B20E84C87C2}.Debug|x64.Build.0 = Debug|Any CPU
		{87DC0764-2754-47BC-BCFB-0B20E84C87C2}.Debug|x86.ActiveCfg = Debug|Any CPU
		{87DC0764-2754-47BC-BCFB-0B20E84C87C2}.Debug|x86.Build.0 = Debug|Any CPU
		{87DC0764-2754-47BC-BCFB-0B20E84C87C2}.Release|Any CPU.ActiveCfg = Release|Any CPU
		{87DC0764-2754-47BC-BCFB-0B20E84C87C2}.Release|Any CPU.Build.0 = Release|Any CPU
		{87DC0764-2754-47BC-BCFB-0B20E84C87C2}.Release|x64.ActiveCfg = Release|Any CPU
		{87DC0764-2754-47BC-BCFB-0B20E84C87C2}.Release|x64.Build.0 = Release|Any CPU
		{87DC0764-2754-47BC-BCFB-0B20E84C87C2}.Release|x86.ActiveCfg = Release|Any CPU
		{87DC0764-2754-47BC-BCFB-0B20E84C87C2}.Release|x86.Build.0 = Release|Any CPU
		{93D57F3C-0A11-4567-AA67-6E4F005302B4}.Debug|Any CPU.ActiveCfg = Debug|Any CPU
		{93D57F3C-0A11-4567-AA67-6E4F005302B4}.Debug|Any CPU.Build.0 = Debug|Any CPU
		{93D57F3C-0A11-4567-AA67-6E4F005302B4}.Debug|x64.ActiveCfg = Debug|Any CPU
		{93D57F3C-0A11-4567-AA67-6E4F005302B4}.Debug|x64.Build.0 = Debug|Any CPU
		{93D57F3C-0A11-4567-AA67-6E4F005302B4}.Debug|x86.ActiveCfg = Debug|Any CPU
		{93D57F3C-0A11-4567-AA67-6E4F005302B4}.Debug|x86.Build.0 = Debug|Any CPU
		{93D57F3C-0A11-4567-AA67-6E4F005302B4}.Release|Any CPU.ActiveCfg = Release|Any CPU
		{93D57F3C-0A11-4567-AA67-6E4F005302B4}.Release|Any CPU.Build.0 = Release|Any CPU
		{93D57F3C-0A11-4567-AA67-6E4F005302B4}.Release|x64.ActiveCfg = Release|Any CPU
		{93D57F3C-0A11-4567-AA67-6E4F005302B4}.Release|x64.Build.0 = Release|Any CPU
		{93D57F3C-0A11-4567-AA67-6E4F005302B4}.Release|x86.ActiveCfg = Release|Any CPU
		{93D57F3C-0A11-4567-AA67-6E4F005302B4}.Release|x86.Build.0 = Release|Any CPU
		{3ADD40B5-EF45-4E22-A666-FCEE1C956696}.Debug|Any CPU.ActiveCfg = Debug|Any CPU
		{3ADD40B5-EF45-4E22-A666-FCEE1C956696}.Debug|Any CPU.Build.0 = Debug|Any CPU
		{3ADD40B5-EF45-4E22-A666-FCEE1C956696}.Debug|x64.ActiveCfg = Debug|Any CPU
		{3ADD40B5-EF45-4E22-A666-FCEE1C956696}.Debug|x64.Build.0 = Debug|Any CPU
		{3ADD40B5-EF45-4E22-A666-FCEE1C956696}.Debug|x86.ActiveCfg = Debug|Any CPU
		{3ADD40B5-EF45-4E22-A666-FCEE1C956696}.Debug|x86.Build.0 = Debug|Any CPU
		{3ADD40B5-EF45-4E22-A666-FCEE1C956696}.Release|Any CPU.ActiveCfg = Release|Any CPU
		{3ADD40B5-EF45-4E22-A666-FCEE1C956696}.Release|Any CPU.Build.0 = Release|Any CPU
		{3ADD40B5-EF45-4E22-A666-FCEE1C956696}.Release|x64.ActiveCfg = Release|Any CPU
		{3ADD40B5-EF45-4E22-A666-FCEE1C956696}.Release|x64.Build.0 = Release|Any CPU
		{3ADD40B5-EF45-4E22-A666-FCEE1C956696}.Release|x86.ActiveCfg = Release|Any CPU
		{3ADD40B5-EF45-4E22-A666-FCEE1C956696}.Release|x86.Build.0 = Release|Any CPU
		{DC65E868-7992-4F0B-8980-516B07EBDB5E}.Debug|Any CPU.ActiveCfg = Debug|Any CPU
		{DC65E868-7992-4F0B-8980-516B07EBDB5E}.Debug|Any CPU.Build.0 = Debug|Any CPU
		{DC65E868-7992-4F0B-8980-516B07EBDB5E}.Debug|x64.ActiveCfg = Debug|Any CPU
		{DC65E868-7992-4F0B-8980-516B07EBDB5E}.Debug|x64.Build.0 = Debug|Any CPU
		{DC65E868-7992-4F0B-8980-516B07EBDB5E}.Debug|x86.ActiveCfg = Debug|Any CPU
		{DC65E868-7992-4F0B-8980-516B07EBDB5E}.Debug|x86.Build.0 = Debug|Any CPU
		{DC65E868-7992-4F0B-8980-516B07EBDB5E}.Release|Any CPU.ActiveCfg = Release|Any CPU
		{DC65E868-7992-4F0B-8980-516B07EBDB5E}.Release|Any CPU.Build.0 = Release|Any CPU
		{DC65E868-7992-4F0B-8980-516B07EBDB5E}.Release|x64.ActiveCfg = Release|Any CPU
		{DC65E868-7992-4F0B-8980-516B07EBDB5E}.Release|x64.Build.0 = Release|Any CPU
		{DC65E868-7992-4F0B-8980-516B07EBDB5E}.Release|x86.ActiveCfg = Release|Any CPU
		{DC65E868-7992-4F0B-8980-516B07EBDB5E}.Release|x86.Build.0 = Release|Any CPU
		{6E37D679-C42C-4774-ADFC-935E48FE09FE}.Debug|Any CPU.ActiveCfg = Debug|Any CPU
		{6E37D679-C42C-4774-ADFC-935E48FE09FE}.Debug|Any CPU.Build.0 = Debug|Any CPU
		{6E37D679-C42C-4774-ADFC-935E48FE09FE}.Debug|x64.ActiveCfg = Debug|Any CPU
		{6E37D679-C42C-4774-ADFC-935E48FE09FE}.Debug|x64.Build.0 = Debug|Any CPU
		{6E37D679-C42C-4774-ADFC-935E48FE09FE}.Debug|x86.ActiveCfg = Debug|Any CPU
		{6E37D679-C42C-4774-ADFC-935E48FE09FE}.Debug|x86.Build.0 = Debug|Any CPU
		{6E37D679-C42C-4774-ADFC-935E48FE09FE}.Release|Any CPU.ActiveCfg = Release|Any CPU
		{6E37D679-C42C-4774-ADFC-935E48FE09FE}.Release|Any CPU.Build.0 = Release|Any CPU
		{6E37D679-C42C-4774-ADFC-935E48FE09FE}.Release|x64.ActiveCfg = Release|Any CPU
		{6E37D679-C42C-4774-ADFC-935E48FE09FE}.Release|x64.Build.0 = Release|Any CPU
		{6E37D679-C42C-4774-ADFC-935E48FE09FE}.Release|x86.ActiveCfg = Release|Any CPU
		{6E37D679-C42C-4774-ADFC-935E48FE09FE}.Release|x86.Build.0 = Release|Any CPU
		{DCDE4910-6F96-4604-9C3D-24BF8804637E}.Debug|Any CPU.ActiveCfg = Debug|Any CPU
		{DCDE4910-6F96-4604-9C3D-24BF8804637E}.Debug|Any CPU.Build.0 = Debug|Any CPU
		{DCDE4910-6F96-4604-9C3D-24BF8804637E}.Debug|x64.ActiveCfg = Debug|Any CPU
		{DCDE4910-6F96-4604-9C3D-24BF8804637E}.Debug|x64.Build.0 = Debug|Any CPU
		{DCDE4910-6F96-4604-9C3D-24BF8804637E}.Debug|x86.ActiveCfg = Debug|Any CPU
		{DCDE4910-6F96-4604-9C3D-24BF8804637E}.Debug|x86.Build.0 = Debug|Any CPU
		{DCDE4910-6F96-4604-9C3D-24BF8804637E}.Release|Any CPU.ActiveCfg = Release|Any CPU
		{DCDE4910-6F96-4604-9C3D-24BF8804637E}.Release|Any CPU.Build.0 = Release|Any CPU
		{DCDE4910-6F96-4604-9C3D-24BF8804637E}.Release|x64.ActiveCfg = Release|Any CPU
		{DCDE4910-6F96-4604-9C3D-24BF8804637E}.Release|x64.Build.0 = Release|Any CPU
		{DCDE4910-6F96-4604-9C3D-24BF8804637E}.Release|x86.ActiveCfg = Release|Any CPU
		{DCDE4910-6F96-4604-9C3D-24BF8804637E}.Release|x86.Build.0 = Release|Any CPU
		{A4969C46-3BC8-4080-9927-85A4C481FB73}.Debug|Any CPU.ActiveCfg = Debug|Any CPU
		{A4969C46-3BC8-4080-9927-85A4C481FB73}.Debug|Any CPU.Build.0 = Debug|Any CPU
		{A4969C46-3BC8-4080-9927-85A4C481FB73}.Debug|x64.ActiveCfg = Debug|Any CPU
		{A4969C46-3BC8-4080-9927-85A4C481FB73}.Debug|x64.Build.0 = Debug|Any CPU
		{A4969C46-3BC8-4080-9927-85A4C481FB73}.Debug|x86.ActiveCfg = Debug|Any CPU
		{A4969C46-3BC8-4080-9927-85A4C481FB73}.Debug|x86.Build.0 = Debug|Any CPU
		{A4969C46-3BC8-4080-9927-85A4C481FB73}.Release|Any CPU.ActiveCfg = Release|Any CPU
		{A4969C46-3BC8-4080-9927-85A4C481FB73}.Release|Any CPU.Build.0 = Release|Any CPU
		{A4969C46-3BC8-4080-9927-85A4C481FB73}.Release|x64.ActiveCfg = Release|Any CPU
		{A4969C46-3BC8-4080-9927-85A4C481FB73}.Release|x64.Build.0 = Release|Any CPU
		{A4969C46-3BC8-4080-9927-85A4C481FB73}.Release|x86.ActiveCfg = Release|Any CPU
		{A4969C46-3BC8-4080-9927-85A4C481FB73}.Release|x86.Build.0 = Release|Any CPU
		{89E532CF-8EAD-4CED-A255-8F94CF566415}.Debug|Any CPU.ActiveCfg = Debug|Any CPU
		{89E532CF-8EAD-4CED-A255-8F94CF566415}.Debug|Any CPU.Build.0 = Debug|Any CPU
		{89E532CF-8EAD-4CED-A255-8F94CF566415}.Debug|x64.ActiveCfg = Debug|Any CPU
		{89E532CF-8EAD-4CED-A255-8F94CF566415}.Debug|x64.Build.0 = Debug|Any CPU
		{89E532CF-8EAD-4CED-A255-8F94CF566415}.Debug|x86.ActiveCfg = Debug|Any CPU
		{89E532CF-8EAD-4CED-A255-8F94CF566415}.Debug|x86.Build.0 = Debug|Any CPU
		{89E532CF-8EAD-4CED-A255-8F94CF566415}.Release|Any CPU.ActiveCfg = Release|Any CPU
		{89E532CF-8EAD-4CED-A255-8F94CF566415}.Release|Any CPU.Build.0 = Release|Any CPU
		{89E532CF-8EAD-4CED-A255-8F94CF566415}.Release|x64.ActiveCfg = Release|Any CPU
		{89E532CF-8EAD-4CED-A255-8F94CF566415}.Release|x64.Build.0 = Release|Any CPU
		{89E532CF-8EAD-4CED-A255-8F94CF566415}.Release|x86.ActiveCfg = Release|Any CPU
		{89E532CF-8EAD-4CED-A255-8F94CF566415}.Release|x86.Build.0 = Release|Any CPU
		{AB97D71F-0237-4069-BC6F-4C3919128258}.Debug|Any CPU.ActiveCfg = Debug|Any CPU
		{AB97D71F-0237-4069-BC6F-4C3919128258}.Debug|Any CPU.Build.0 = Debug|Any CPU
		{AB97D71F-0237-4069-BC6F-4C3919128258}.Debug|x64.ActiveCfg = Debug|Any CPU
		{AB97D71F-0237-4069-BC6F-4C3919128258}.Debug|x64.Build.0 = Debug|Any CPU
		{AB97D71F-0237-4069-BC6F-4C3919128258}.Debug|x86.ActiveCfg = Debug|Any CPU
		{AB97D71F-0237-4069-BC6F-4C3919128258}.Debug|x86.Build.0 = Debug|Any CPU
		{AB97D71F-0237-4069-BC6F-4C3919128258}.Release|Any CPU.ActiveCfg = Release|Any CPU
		{AB97D71F-0237-4069-BC6F-4C3919128258}.Release|Any CPU.Build.0 = Release|Any CPU
		{AB97D71F-0237-4069-BC6F-4C3919128258}.Release|x64.ActiveCfg = Release|Any CPU
		{AB97D71F-0237-4069-BC6F-4C3919128258}.Release|x64.Build.0 = Release|Any CPU
		{AB97D71F-0237-4069-BC6F-4C3919128258}.Release|x86.ActiveCfg = Release|Any CPU
		{AB97D71F-0237-4069-BC6F-4C3919128258}.Release|x86.Build.0 = Release|Any CPU
	EndGlobalSection
	GlobalSection(SolutionProperties) = preSolution
		HideSolutionNode = FALSE
	EndGlobalSection
	GlobalSection(NestedProjects) = preSolution
		{E7FAB972-614D-47D4-89D6-FDF0EA4F3BD2} = {827E0CD3-B72D-47B6-A68D-7590B98EB39B}
		{5EF19403-EA50-43D0-9352-936A632B4B56} = {827E0CD3-B72D-47B6-A68D-7590B98EB39B}
		{910E903D-8BC7-4FD7-A1CE-787A607D11E0} = {827E0CD3-B72D-47B6-A68D-7590B98EB39B}
		{87DC0764-2754-47BC-BCFB-0B20E84C87C2} = {827E0CD3-B72D-47B6-A68D-7590B98EB39B}
		{93D57F3C-0A11-4567-AA67-6E4F005302B4} = {827E0CD3-B72D-47B6-A68D-7590B98EB39B}
		{3ADD40B5-EF45-4E22-A666-FCEE1C956696} = {827E0CD3-B72D-47B6-A68D-7590B98EB39B}
		{DC65E868-7992-4F0B-8980-516B07EBDB5E} = {0AB3BF05-4346-4AA6-1389-037BE0695223}
		{6E37D679-C42C-4774-ADFC-935E48FE09FE} = {0AB3BF05-4346-4AA6-1389-037BE0695223}
		{DCDE4910-6F96-4604-9C3D-24BF8804637E} = {0AB3BF05-4346-4AA6-1389-037BE0695223}
		{A4969C46-3BC8-4080-9927-85A4C481FB73} = {0AB3BF05-4346-4AA6-1389-037BE0695223}
		{89E532CF-8EAD-4CED-A255-8F94CF566415} = {0AB3BF05-4346-4AA6-1389-037BE0695223}
		{AB97D71F-0237-4069-BC6F-4C3919128258} = {0AB3BF05-4346-4AA6-1389-037BE0695223}
	EndGlobalSection
EndGlobal
